
Microsoft Visual Studio Solution File, Format Version 12.00
# Visual Studio 15
VisualStudioVersion = 15.0.27428.2027
MinimumVisualStudioVersion = 10.0.40219.1
Project("{FAE04EC0-301F-11D3-BF4B-00C04F79EFBC}") = "TheatreDatabase", "TheatreDatabase\TheatreDatabase.csproj", "{F7724DB7-686F-4366-8EF8-35F166100062}"
EndProject
Global
	GlobalSection(SolutionConfigurationPlatforms) = preSolution
		Debug|Any CPU = Debug|Any CPU
		Release|Any CPU = Release|Any CPU
	EndGlobalSection
	GlobalSection(ProjectConfigurationPlatforms) = postSolution
		{F7724DB7-686F-4366-8EF8-35F166100062}.Debug|Any CPU.ActiveCfg = Debug|Any CPU
		{F7724DB7-686F-4366-8EF8-35F166100062}.Debug|Any CPU.Build.0 = Debug|Any CPU
		{F7724DB7-686F-4366-8EF8-35F166100062}.Release|Any CPU.ActiveCfg = Release|Any CPU
		{F7724DB7-686F-4366-8EF8-35F166100062}.Release|Any CPU.Build.0 = Release|Any CPU
	EndGlobalSection
	GlobalSection(SolutionProperties) = preSolution
		HideSolutionNode = FALSE
	EndGlobalSection
	GlobalSection(ExtensibilityGlobals) = postSolution
		SolutionGuid = {A8DF8505-775C-4F97-85E7-DF66DD97BDAD}
	EndGlobalSection
EndGlobal
